// !$*UTF8*$!
{
	archiveVersion = 1;
	classes = {
	};
	objectVersion = 77;
	objects = {

/* Begin PBXBuildFile section */
		06C1077F2573711384100793 /* SporeRootView.swift in Sources */ = {isa = PBXBuildFile; fileRef = C0B3F29F57E761BF3A997F8A /* SporeRootView.swift */; };
		0B3F5EB78705F94DDB8B33B0 /* SporeLoadingScreen.swift in Sources */ = {isa = PBXBuildFile; fileRef = 7E9F778660D966CA0D4A3818 /* SporeLoadingScreen.swift */; };
		152E2D974B88C01DF84A0045 /* SporeApp.swift in Sources */ = {isa = PBXBuildFile; fileRef = C773650DAE8CF5F20DEDC573 /* SporeApp.swift */; };
		1E54B8F362C29EE878A4D980 /* ColonyView.swift in Sources */ = {isa = PBXBuildFile; fileRef = B945D1544AC24745ED928C51 /* ColonyView.swift */; };
		23D0E804FE3DF5671AEDFD40 /* Assets.xcassets in Resources */ = {isa = PBXBuildFile; fileRef = 8E10EF2AF7D6EC6B7A375223 /* Assets.xcassets */; };
		38ACABC57628F7AD1F606745 /* SporeSettingsView.swift in Sources */ = {isa = PBXBuildFile; fileRef = 2B44EAD945FCB8190D13636D /* SporeSettingsView.swift */; };
		55686DF65252E8DCCE458318 /* SporeIcons.swift in Sources */ = {isa = PBXBuildFile; fileRef = E674EE4A42FB5A8DE7CF3F66 /* SporeIcons.swift */; };
		92F16F06244376C6010E0B4F /* CultivateView.swift in Sources */ = {isa = PBXBuildFile; fileRef = 7CCEFF8F8F6E357D90FAD57A /* CultivateView.swift */; };
		A002914F8646EAE557CE6B75 /* SporeModel.swift in Sources */ = {isa = PBXBuildFile; fileRef = 099335CC1E305623DCAE7CBC /* SporeModel.swift */; };
		C8427BD0E977D9C5EC85CEDD /* SporeComponents.swift in Sources */ = {isa = PBXBuildFile; fileRef = 1EF4691FACED2D5BF546CEDD /* SporeComponents.swift */; };
		DFE55C95CE5D566BF96AE0DC /* CodexView.swift in Sources */ = {isa = PBXBuildFile; fileRef = 26F7213672C09E9F777FC9AD /* CodexView.swift */; };
		E94268F939D867EBDEE45D69 /* SporeTheme.swift in Sources */ = {isa = PBXBuildFile; fileRef = DE805B21A73314A13090D0EA /* SporeTheme.swift */; };
		EABCA6963FFD056B472594BC /* SporeWebPanel.swift in Sources */ = {isa = PBXBuildFile; fileRef = 9B17C7C9E173DF86A0406986 /* SporeWebPanel.swift */; };
/* End PBXBuildFile section */

/* Begin PBXFileReference section */
		099335CC1E305623DCAE7CBC /* SporeModel.swift */ = {isa = PBXFileReference; lastKnownFileType = sourcecode.swift; path = SporeModel.swift; sourceTree = "<group>"; };
		1EF4691FACED2D5BF546CEDD /* SporeComponents.swift */ = {isa = PBXFileReference; lastKnownFileType = sourcecode.swift; path = SporeComponents.swift; sourceTree = "<group>"; };
		26F7213672C09E9F777FC9AD /* CodexView.swift */ = {isa = PBXFileReference; lastKnownFileType = sourcecode.swift; path = CodexView.swift; sourceTree = "<group>"; };
		2B44EAD945FCB8190D13636D /* SporeSettingsView.swift */ = {isa = PBXFileReference; lastKnownFileType = sourcecode.swift; path = SporeSettingsView.swift; sourceTree = "<group>"; };
		575B5E3A636D5205B520511F /* Info.plist */ = {isa = PBXFileReference; lastKnownFileType = text.plist; path = Info.plist; sourceTree = "<group>"; };
		7CCEFF8F8F6E357D90FAD57A /* CultivateView.swift */ = {isa = PBXFileReference; lastKnownFileType = sourcecode.swift; path = CultivateView.swift; sourceTree = "<group>"; };
		7E9F778660D966CA0D4A3818 /* SporeLoadingScreen.swift */ = {isa = PBXFileReference; lastKnownFileType = sourcecode.swift; path = SporeLoadingScreen.swift; sourceTree = "<group>"; };
		8E10EF2AF7D6EC6B7A375223 /* Assets.xcassets */ = {isa = PBXFileReference; lastKnownFileType = folder.assetcatalog; path = Assets.xcassets; sourceTree = "<group>"; };
		9B17C7C9E173DF86A0406986 /* SporeWebPanel.swift */ = {isa = PBXFileReference; lastKnownFileType = sourcecode.swift; path = SporeWebPanel.swift; sourceTree = "<group>"; };
		A421EA267967AB6FA0E7C182 /* Nara Glow.app */ = {isa = PBXFileReference; includeInIndex = 0; lastKnownFileType = wrapper.application; path = "Nara Glow.app"; sourceTree = BUILT_PRODUCTS_DIR; };
		B945D1544AC24745ED928C51 /* ColonyView.swift */ = {isa = PBXFileReference; lastKnownFileType = sourcecode.swift; path = ColonyView.swift; sourceTree = "<group>"; };
		C0B3F29F57E761BF3A997F8A /* SporeRootView.swift */ = {isa = PBXFileReference; lastKnownFileType = sourcecode.swift; path = SporeRootView.swift; sourceTree = "<group>"; };
		C773650DAE8CF5F20DEDC573 /* SporeApp.swift */ = {isa = PBXFileReference; lastKnownFileType = sourcecode.swift; path = SporeApp.swift; sourceTree = "<group>"; };
		DE805B21A73314A13090D0EA /* SporeTheme.swift */ = {isa = PBXFileReference; lastKnownFileType = sourcecode.swift; path = SporeTheme.swift; sourceTree = "<group>"; };
		E674EE4A42FB5A8DE7CF3F66 /* SporeIcons.swift */ = {isa = PBXFileReference; lastKnownFileType = sourcecode.swift; path = SporeIcons.swift; sourceTree = "<group>"; };
/* End PBXFileReference section */

/* Begin PBXGroup section */
		0E69E45F2A138A90B1624372 = {
			isa = PBXGroup;
			children = (
				66D4FD0492127691FF43455F /* Nara Glow */,
				3CE12FA784786A8DB14E35D1 /* Products */,
			);
			sourceTree = "<group>";
		};
		3CE12FA784786A8DB14E35D1 /* Products */ = {
			isa = PBXGroup;
			children = (
				A421EA267967AB6FA0E7C182 /* Nara Glow.app */,
			);
			name = Products;
			sourceTree = "<group>";
		};
		66D4FD0492127691FF43455F /* Nara Glow */ = {
			isa = PBXGroup;
			children = (
				8E10EF2AF7D6EC6B7A375223 /* Assets.xcassets */,
				26F7213672C09E9F777FC9AD /* CodexView.swift */,
				B945D1544AC24745ED928C51 /* ColonyView.swift */,
				7CCEFF8F8F6E357D90FAD57A /* CultivateView.swift */,
				575B5E3A636D5205B520511F /* Info.plist */,
				C773650DAE8CF5F20DEDC573 /* SporeApp.swift */,
				1EF4691FACED2D5BF546CEDD /* SporeComponents.swift */,
				E674EE4A42FB5A8DE7CF3F66 /* SporeIcons.swift */,
				7E9F778660D966CA0D4A3818 /* SporeLoadingScreen.swift */,
				099335CC1E305623DCAE7CBC /* SporeModel.swift */,
				C0B3F29F57E761BF3A997F8A /* SporeRootView.swift */,
				2B44EAD945FCB8190D13636D /* SporeSettingsView.swift */,
				DE805B21A73314A13090D0EA /* SporeTheme.swift */,
				9B17C7C9E173DF86A0406986 /* SporeWebPanel.swift */,
			);
			path = "Nara Glow";
			sourceTree = "<group>";
		};
/* End PBXGroup section */

/* Begin PBXNativeTarget section */
		D1A3848BD977401692B02B30 /* Nara Glow */ = {
			isa = PBXNativeTarget;
			buildConfigurationList = 2DCA0ECC820CBD67F05FC0DC /* Build configuration list for PBXNativeTarget "Nara Glow" */;
			buildPhases = (
				883C47E2915E80BAA583DC43 /* Sources */,
				9908AC76F5EAD86E413E0F1E /* Resources */,
			);
			buildRules = (
			);
			dependencies = (
			);
			name = "Nara Glow";
			packageProductDependencies = (
			);
			productName = "Nara Glow";
			productReference = A421EA267967AB6FA0E7C182 /* Nara Glow.app */;
			productType = "com.apple.product-type.application";
		};
/* End PBXNativeTarget section */

/* Begin PBXProject section */
		E5908AE4F1B4566C7F52BCD9 /* Project object */ = {
			isa = PBXProject;
			attributes = {
				BuildIndependentTargetsInParallel = YES;
				LastUpgradeCheck = 1430;
				TargetAttributes = {
					D1A3848BD977401692B02B30 = {
						DevelopmentTeam = "";
						ProvisioningStyle = Manual;
					};
				};
			};
			buildConfigurationList = CBCACDC91EBFC732A09E3877 /* Build configuration list for PBXProject "Nara Glow" */;
			developmentRegion = en;
			hasScannedForEncodings = 0;
			knownRegions = (
				Base,
				en,
			);
			mainGroup = 0E69E45F2A138A90B1624372;
			minimizedProjectReferenceProxies = 1;
			preferredProjectObjectVersion = 77;
			productRefGroup = 3CE12FA784786A8DB14E35D1 /* Products */;
			projectDirPath = "";
			projectRoot = "";
			targets = (
				D1A3848BD977401692B02B30 /* Nara Glow */,
			);
		};
/* End PBXProject section */

/* Begin PBXResourcesBuildPhase section */
		9908AC76F5EAD86E413E0F1E /* Resources */ = {
			isa = PBXResourcesBuildPhase;
			buildActionMask = 2147483647;
			files = (
				23D0E804FE3DF5671AEDFD40 /* Assets.xcassets in Resources */,
			);
			runOnlyForDeploymentPostprocessing = 0;
		};
/* End PBXResourcesBuildPhase section */

/* Begin PBXSourcesBuildPhase section */
		883C47E2915E80BAA583DC43 /* Sources */ = {
			isa = PBXSourcesBuildPhase;
			buildActionMask = 2147483647;
			files = (
				DFE55C95CE5D566BF96AE0DC /* CodexView.swift in Sources */,
				1E54B8F362C29EE878A4D980 /* ColonyView.swift in Sources */,
				92F16F06244376C6010E0B4F /* CultivateView.swift in Sources */,
				152E2D974B88C01DF84A0045 /* SporeApp.swift in Sources */,
				C8427BD0E977D9C5EC85CEDD /* SporeComponents.swift in Sources */,
				55686DF65252E8DCCE458318 /* SporeIcons.swift in Sources */,
				0B3F5EB78705F94DDB8B33B0 /* SporeLoadingScreen.swift in Sources */,
				A002914F8646EAE557CE6B75 /* SporeModel.swift in Sources */,
				06C1077F2573711384100793 /* SporeRootView.swift in Sources */,
				38ACABC57628F7AD1F606745 /* SporeSettingsView.swift in Sources */,
				E94268F939D867EBDEE45D69 /* SporeTheme.swift in Sources */,
				EABCA6963FFD056B472594BC /* SporeWebPanel.swift in Sources */,
			);
			runOnlyForDeploymentPostprocessing = 0;
		};
/* End PBXSourcesBuildPhase section */

/* Begin XCBuildConfiguration section */
		97C6668EE7A9FD1C296BF2C5 /* Debug */ = {
			isa = XCBuildConfiguration;
			buildSettings = {
				ALWAYS_SEARCH_USER_PATHS = NO;
				ASSETCATALOG_COMPILER_APPICON_NAME = AppIcon;
				CLANG_ANALYZER_NONNULL = YES;
				CLANG_ANALYZER_NUMBER_OBJECT_CONVERSION = YES_AGGRESSIVE;
				CLANG_CXX_LANGUAGE_STANDARD = "gnu++14";
				CLANG_CXX_LIBRARY = "libc++";
				CLANG_ENABLE_MODULES = YES;
				CLANG_ENABLE_OBJC_ARC = YES;
				CLANG_ENABLE_OBJC_WEAK = YES;
				CLANG_WARN_BLOCK_CAPTURE_AUTORELEASING = YES;
				CLANG_WARN_BOOL_CONVERSION = YES;
				CLANG_WARN_COMMA = YES;
				CLANG_WARN_CONSTANT_CONVERSION = YES;
				CLANG_WARN_DEPRECATED_OBJC_IMPLEMENTATIONS = YES;
				CLANG_WARN_DIRECT_OBJC_ISA_USAGE = YES_ERROR;
				CLANG_WARN_DOCUMENTATION_COMMENTS = YES;
				CLANG_WARN_EMPTY_BODY = YES;
				CLANG_WARN_ENUM_CONVERSION = YES;
				CLANG_WARN_INFINITE_RECURSION = YES;
				CLANG_WARN_INT_CONVERSION = YES;
				CLANG_WARN_NON_LITERAL_NULL_CONVERSION = YES;
				CLANG_WARN_OBJC_IMPLICIT_RETAIN_SELF = YES;
				CLANG_WARN_OBJC_LITERAL_CONVERSION = YES;
				CLANG_WARN_OBJC_ROOT_CLASS = YES_ERROR;
				CLANG_WARN_QUOTED_INCLUDE_IN_FRAMEWORK_HEADER = YES;
				CLANG_WARN_RANGE_LOOP_ANALYSIS = YES;
				CLANG_WARN_STRICT_PROTOTYPES = YES;
				CLANG_WARN_SUSPICIOUS_MOVE = YES;
				CLANG_WARN_UNGUARDED_AVAILABILITY = YES_AGGRESSIVE;
				CLANG_WARN_UNREACHABLE_CODE = YES;
				CLANG_WARN__DUPLICATE_METHOD_MATCH = YES;
				CODE_SIGNING_ALLOWED = NO;
				CODE_SIGNING_REQUIRED = NO;
				CODE_SIGN_IDENTITY = "";
				CODE_SIGN_STYLE = Manual;
				COPY_PHASE_STRIP = NO;
				DEBUG_INFORMATION_FORMAT = dwarf;
				DEVELOPMENT_TEAM = "";
				ENABLE_PREVIEWS = YES;
				ENABLE_STRICT_OBJC_MSGSEND = YES;
				ENABLE_TESTABILITY = YES;
				GCC_C_LANGUAGE_STANDARD = gnu11;
				GCC_DYNAMIC_NO_PIC = NO;
				GCC_NO_COMMON_BLOCKS = YES;
				GCC_OPTIMIZATION_LEVEL = 0;
				GCC_PREPROCESSOR_DEFINITIONS = (
					"$(inherited)",
					"DEBUG=1",
				);
				GCC_WARN_64_TO_32_BIT_CONVERSION = YES;
				GCC_WARN_ABOUT_RETURN_TYPE = YES_ERROR;
				GCC_WARN_UNDECLARED_SELECTOR = YES;
				GCC_WARN_UNINITIALIZED_AUTOS = YES_AGGRESSIVE;
				GCC_WARN_UNUSED_FUNCTION = YES;
				GCC_WARN_UNUSED_VARIABLE = YES;
				IPHONEOS_DEPLOYMENT_TARGET = 15.6;
				MTL_ENABLE_DEBUG_INFO = INCLUDE_SOURCE;
				MTL_FAST_MATH = YES;
				ONLY_ACTIVE_ARCH = YES;
				PRODUCT_NAME = "$(TARGET_NAME)";
				PROVISIONING_PROFILE_SPECIFIER = "";
				SDKROOT = iphoneos;
				SUPPORTED_PLATFORMS = "iphoneos iphonesimulator";
				SUPPORTS_MACCATALYST = NO;
				SUPPORTS_MAC_DESIGNED_FOR_IPHONE_IPAD = NO;
				SUPPORTS_XR_DESIGNED_FOR_IPHONE_IPAD = NO;
				SWIFT_ACTIVE_COMPILATION_CONDITIONS = DEBUG;
				SWIFT_OPTIMIZATION_LEVEL = "-Onone";
				SWIFT_VERSION = 5.0;
				TARGETED_DEVICE_FAMILY = 1;
			};
			name = Debug;
		};
		9A2402F63E0F4D087122A52B /* Release */ = {
			isa = XCBuildConfiguration;
			buildSettings = {
				ASSETCATALOG_COMPILER_APPICON_NAME = AppIcon;
				CODE_SIGN_IDENTITY = "iPhone Developer";
				CURRENT_PROJECT_VERSION = 2;
				GENERATE_INFOPLIST_FILE = NO;
				INFOPLIST_FILE = "Nara Glow/Info.plist";
				IPHONEOS_DEPLOYMENT_TARGET = 15.6;
				LD_RUNPATH_SEARCH_PATHS = (
					"$(inherited)",
					"@executable_path/Frameworks",
				);
				MARKETING_VERSION = 1.0;
				PRODUCT_BUNDLE_IDENTIFIER = com.naraglow.app;
				PRODUCT_NAME = "Nara Glow";
				SDKROOT = iphoneos;
				TARGETED_DEVICE_FAMILY = 1;
			};
			name = Release;
		};
		9BE9936AC82D13E12B744FE6 /* Release */ = {
			isa = XCBuildConfiguration;
			buildSettings = {
				ALWAYS_SEARCH_USER_PATHS = NO;
				ASSETCATALOG_COMPILER_APPICON_NAME = AppIcon;
				CLANG_ANALYZER_NONNULL = YES;
				CLANG_ANALYZER_NUMBER_OBJECT_CONVERSION = YES_AGGRESSIVE;
				CLANG_CXX_LANGUAGE_STANDARD = "gnu++14";
				CLANG_CXX_LIBRARY = "libc++";
				CLANG_ENABLE_MODULES = YES;
				CLANG_ENABLE_OBJC_ARC = YES;
				CLANG_ENABLE_OBJC_WEAK = YES;
				CLANG_WARN_BLOCK_CAPTURE_AUTORELEASING = YES;
				CLANG_WARN_BOOL_CONVERSION = YES;
				CLANG_WARN_COMMA = YES;
				CLANG_WARN_CONSTANT_CONVERSION = YES;
				CLANG_WARN_DEPRECATED_OBJC_IMPLEMENTATIONS = YES;
				CLANG_WARN_DIRECT_OBJC_ISA_USAGE = YES_ERROR;
				CLANG_WARN_DOCUMENTATION_COMMENTS = YES;
				CLANG_WARN_EMPTY_BODY = YES;
				CLANG_WARN_ENUM_CONVERSION = YES;
				CLANG_WARN_INFINITE_RECURSION = YES;
				CLANG_WARN_INT_CONVERSION = YES;
				CLANG_WARN_NON_LITERAL_NULL_CONVERSION = YES;
				CLANG_WARN_OBJC_IMPLICIT_RETAIN_SELF = YES;
				CLANG_WARN_OBJC_LITERAL_CONVERSION = YES;
				CLANG_WARN_OBJC_ROOT_CLASS = YES_ERROR;
				CLANG_WARN_QUOTED_INCLUDE_IN_FRAMEWORK_HEADER = YES;
				CLANG_WARN_RANGE_LOOP_ANALYSIS = YES;
				CLANG_WARN_STRICT_PROTOTYPES = YES;
				CLANG_WARN_SUSPICIOUS_MOVE = YES;
				CLANG_WARN_UNGUARDED_AVAILABILITY = YES_AGGRESSIVE;
				CLANG_WARN_UNREACHABLE_CODE = YES;
				CLANG_WARN__DUPLICATE_METHOD_MATCH = YES;
				CODE_SIGNING_ALLOWED = NO;
				CODE_SIGNING_REQUIRED = NO;
				CODE_SIGN_IDENTITY = "";
				CODE_SIGN_STYLE = Manual;
				COPY_PHASE_STRIP = NO;
				DEBUG_INFORMATION_FORMAT = "dwarf-with-dsym";
				DEVELOPMENT_TEAM = "";
				ENABLE_NS_ASSERTIONS = NO;
				ENABLE_PREVIEWS = YES;
				ENABLE_STRICT_OBJC_MSGSEND = YES;
				GCC_C_LANGUAGE_STANDARD = gnu11;
				GCC_NO_COMMON_BLOCKS = YES;
				GCC_WARN_64_TO_32_BIT_CONVERSION = YES;
				GCC_WARN_ABOUT_RETURN_TYPE = YES_ERROR;
				GCC_WARN_UNDECLARED_SELECTOR = YES;
				GCC_WARN_UNINITIALIZED_AUTOS = YES_AGGRESSIVE;
				GCC_WARN_UNUSED_FUNCTION = YES;
				GCC_WARN_UNUSED_VARIABLE = YES;
				IPHONEOS_DEPLOYMENT_TARGET = 15.6;
				MTL_ENABLE_DEBUG_INFO = NO;
				MTL_FAST_MATH = YES;
				PRODUCT_NAME = "$(TARGET_NAME)";
				PROVISIONING_PROFILE_SPECIFIER = "";
				SDKROOT = iphoneos;
				SUPPORTED_PLATFORMS = "iphoneos iphonesimulator";
				SUPPORTS_MACCATALYST = NO;
				SUPPORTS_MAC_DESIGNED_FOR_IPHONE_IPAD = NO;
				SUPPORTS_XR_DESIGNED_FOR_IPHONE_IPAD = NO;
				SWIFT_COMPILATION_MODE = wholemodule;
				SWIFT_OPTIMIZATION_LEVEL = "-O";
				SWIFT_VERSION = 5.0;
				TARGETED_DEVICE_FAMILY = 1;
			};
			name = Release;
		};
		FCB763ABF73E6B263C86F50B /* Debug */ = {
			isa = XCBuildConfiguration;
			buildSettings = {
				ASSETCATALOG_COMPILER_APPICON_NAME = AppIcon;
				CODE_SIGN_IDENTITY = "iPhone Developer";
				CURRENT_PROJECT_VERSION = 2;
				GENERATE_INFOPLIST_FILE = NO;
				INFOPLIST_FILE = "Nara Glow/Info.plist";
				IPHONEOS_DEPLOYMENT_TARGET = 15.6;
				LD_RUNPATH_SEARCH_PATHS = (
					"$(inherited)",
					"@executable_path/Frameworks",
				);
				MARKETING_VERSION = 1.0;
				PRODUCT_BUNDLE_IDENTIFIER = com.naraglow.app;
				PRODUCT_NAME = "Nara Glow";
				SDKROOT = iphoneos;
				TARGETED_DEVICE_FAMILY = 1;
			};
			name = Debug;
		};
/* End XCBuildConfiguration section */

/* Begin XCConfigurationList section */
		2DCA0ECC820CBD67F05FC0DC /* Build configuration list for PBXNativeTarget "Nara Glow" */ = {
			isa = XCConfigurationList;
			buildConfigurations = (
				FCB763ABF73E6B263C86F50B /* Debug */,
				9A2402F63E0F4D087122A52B /* Release */,
			);
			defaultConfigurationIsVisible = 0;
			defaultConfigurationName = Release;
		};
		CBCACDC91EBFC732A09E3877 /* Build configuration list for PBXProject "Nara Glow" */ = {
			isa = XCConfigurationList;
			buildConfigurations = (
				97C6668EE7A9FD1C296BF2C5 /* Debug */,
				9BE9936AC82D13E12B744FE6 /* Release */,
			);
			defaultConfigurationIsVisible = 0;
			defaultConfigurationName = Release;
		};
/* End XCConfigurationList section */
	};
	rootObject = E5908AE4F1B4566C7F52BCD9 /* Project object */;
}
